# THIS IS AN AUTOGENERATED FILE. DO NOT EDIT THIS FILE DIRECTLY.
# yarn lockfile v1


"@babel/code-frame@^7.10.4":
  version "7.10.4"
  resolved "https://registry.yarnpkg.com/@babel/code-frame/-/code-frame-7.10.4.tgz#168da1a36e90da68ae8d49c0f1b48c7c6249213a"
  integrity sha512-vG6SvB6oYEhvgisZNFRmRCUkLz11c7rp+tbNTynGqc6mS1d5ATd/sGyV6W0KZZnXRKMTzZDRgQT3Ou9jhpAfUg==
  dependencies:
    "@babel/highlight" "^7.10.4"

"@babel/core@^7.7.7":
  version "7.12.3"
  resolved "https://registry.yarnpkg.com/@babel/core/-/core-7.12.3.tgz#1b436884e1e3bff6fb1328dc02b208759de92ad8"
  integrity sha512-0qXcZYKZp3/6N2jKYVxZv0aNCsxTSVCiK72DTiTYZAu7sjg73W0/aynWjMbiGd87EQL4WyA8reiJVh92AVla9g==
  dependencies:
    "@babel/code-frame" "^7.10.4"
    "@babel/generator" "^7.12.1"
    "@babel/helper-module-transforms" "^7.12.1"
    "@babel/helpers" "^7.12.1"
    "@babel/parser" "^7.12.3"
    "@babel/template" "^7.10.4"
    "@babel/traverse" "^7.12.1"
    "@babel/types" "^7.12.1"
    convert-source-map "^1.7.0"
    debug "^4.1.0"
    gensync "^1.0.0-beta.1"
    json5 "^2.1.2"
    lodash "^4.17.19"
    resolve "^1.3.2"
    semver "^5.4.1"
    source-map "^0.5.0"

"@babel/generator@^7.12.1":
  version "7.12.1"
  resolved "https://registry.yarnpkg.com/@babel/generator/-/generator-7.12.1.tgz#0d70be32bdaa03d7c51c8597dda76e0df1f15468"
  integrity sha512-DB+6rafIdc9o72Yc3/Ph5h+6hUjeOp66pF0naQBgUFFuPqzQwIlPTm3xZR7YNvduIMtkDIj2t21LSQwnbCrXvg==
  dependencies:
    "@babel/types" "^7.12.1"
    jsesc "^2.5.1"
    source-map "^0.5.0"

"@babel/helper-create-class-features-plugin@^7.12.1":
  version "7.12.1"
  resolved "https://registry.yarnpkg.com/@babel/helper-create-class-features-plugin/-/helper-create-class-features-plugin-7.12.1.tgz#3c45998f431edd4a9214c5f1d3ad1448a6137f6e"
  integrity sha512-hkL++rWeta/OVOBTRJc9a5Azh5mt5WgZUGAKMD8JM141YsE08K//bp1unBBieO6rUKkIPyUE0USQ30jAy3Sk1w==
  dependencies:
    "@babel/helper-function-name" "^7.10.4"
    "@babel/helper-member-expression-to-functions" "^7.12.1"
    "@babel/helper-optimise-call-expression" "^7.10.4"
    "@babel/helper-replace-supers" "^7.12.1"
    "@babel/helper-split-export-declaration" "^7.10.4"

"@babel/helper-function-name@^7.10.4":
  version "7.10.4"
  resolved "https://registry.yarnpkg.com/@babel/helper-function-name/-/helper-function-name-7.10.4.tgz#d2d3b20c59ad8c47112fa7d2a94bc09d5ef82f1a"
  integrity sha512-YdaSyz1n8gY44EmN7x44zBn9zQ1Ry2Y+3GTA+3vH6Mizke1Vw0aWDM66FOYEPw8//qKkmqOckrGgTYa+6sceqQ==
  dependencies:
    "@babel/helper-get-function-arity" "^7.10.4"
    "@babel/template" "^7.10.4"
    "@babel/types" "^7.10.4"

"@babel/helper-get-function-arity@^7.10.4":
  version "7.10.4"
  resolved "https://registry.yarnpkg.com/@babel/helper-get-function-arity/-/helper-get-function-arity-7.10.4.tgz#98c1cbea0e2332f33f9a4661b8ce1505b2c19ba2"
  integrity sha512-EkN3YDB+SRDgiIUnNgcmiD361ti+AVbL3f3Henf6dqqUyr5dMsorno0lJWJuLhDhkI5sYEpgj6y9kB8AOU1I2A==
  dependencies:
    "@babel/types" "^7.10.4"

"@babel/helper-member-expression-to-functions@^7.12.1":
  version "7.12.1"
  resolved "https://registry.yarnpkg.com/@babel/helper-member-expression-to-functions/-/helper-member-expression-to-functions-7.12.1.tgz#fba0f2fcff3fba00e6ecb664bb5e6e26e2d6165c"
  integrity sha512-k0CIe3tXUKTRSoEx1LQEPFU9vRQfqHtl+kf8eNnDqb4AUJEy5pz6aIiog+YWtVm2jpggjS1laH68bPsR+KWWPQ==
  dependencies:
    "@babel/types" "^7.12.1"

"@babel/helper-module-imports@^7.12.1":
  version "7.12.1"
  resolved "https://registry.yarnpkg.com/@babel/helper-module-imports/-/helper-module-imports-7.12.1.tgz#1644c01591a15a2f084dd6d092d9430eb1d1216c"
  integrity sha512-ZeC1TlMSvikvJNy1v/wPIazCu3NdOwgYZLIkmIyAsGhqkNpiDoQQRmaCK8YP4Pq3GPTLPV9WXaPCJKvx06JxKA==
  dependencies:
    "@babel/types" "^7.12.1"

"@babel/helper-module-transforms@^7.12.1":
  version "7.12.1"
  resolved "https://registry.yarnpkg.com/@babel/helper-module-transforms/-/helper-module-transforms-7.12.1.tgz#7954fec71f5b32c48e4b303b437c34453fd7247c"
  integrity sha512-QQzehgFAZ2bbISiCpmVGfiGux8YVFXQ0abBic2Envhej22DVXV9nCFaS5hIQbkyo1AdGb+gNME2TSh3hYJVV/w==
  dependencies:
    "@babel/helper-module-imports" "^7.12.1"
    "@babel/helper-replace-supers" "^7.12.1"
    "@babel/helper-simple-access" "^7.12.1"
    "@babel/helper-split-export-declaration" "^7.11.0"
    "@babel/helper-validator-identifier" "^7.10.4"
    "@babel/template" "^7.10.4"
    "@babel/traverse" "^7.12.1"
    "@babel/types" "^7.12.1"
    lodash "^4.17.19"

"@babel/helper-optimise-call-expression@^7.10.4":
  version "7.10.4"
  resolved "https://registry.yarnpkg.com/@babel/helper-optimise-call-expression/-/helper-optimise-call-expression-7.10.4.tgz#50dc96413d594f995a77905905b05893cd779673"
  integrity sha512-n3UGKY4VXwXThEiKrgRAoVPBMqeoPgHVqiHZOanAJCG9nQUL2pLRQirUzl0ioKclHGpGqRgIOkgcIJaIWLpygg==
  dependencies:
    "@babel/types" "^7.10.4"

"@babel/helper-plugin-utils@^7.10.4":
  version "7.10.4"
  resolved "https://registry.yarnpkg.com/@babel/helper-plugin-utils/-/helper-plugin-utils-7.10.4.tgz#2f75a831269d4f677de49986dff59927533cf375"
  integrity sha512-O4KCvQA6lLiMU9l2eawBPMf1xPP8xPfB3iEQw150hOVTqj/rfXz0ThTb4HEzqQfs2Bmo5Ay8BzxfzVtBrr9dVg==

"@babel/helper-replace-supers@^7.12.1":
  version "7.12.1"
  resolved "https://registry.yarnpkg.com/@babel/helper-replace-supers/-/helper-replace-supers-7.12.1.tgz#f15c9cc897439281891e11d5ce12562ac0cf3fa9"
  integrity sha512-zJjTvtNJnCFsCXVi5rUInstLd/EIVNmIKA1Q9ynESmMBWPWd+7sdR+G4/wdu+Mppfep0XLyG2m7EBPvjCeFyrw==
  dependencies:
    "@babel/helper-member-expression-to-functions" "^7.12.1"
    "@babel/helper-optimise-call-expression" "^7.10.4"
    "@babel/traverse" "^7.12.1"
    "@babel/types" "^7.12.1"

"@babel/helper-simple-access@^7.12.1":
  version "7.12.1"
  resolved "https://registry.yarnpkg.com/@babel/helper-simple-access/-/helper-simple-access-7.12.1.tgz#32427e5aa61547d38eb1e6eaf5fd1426fdad9136"
  integrity sha512-OxBp7pMrjVewSSC8fXDFrHrBcJATOOFssZwv16F3/6Xtc138GHybBfPbm9kfiqQHKhYQrlamWILwlDCeyMFEaA==
  dependencies:
    "@babel/types" "^7.12.1"

"@babel/helper-split-export-declaration@^7.10.4", "@babel/helper-split-export-declaration@^7.11.0":
  version "7.11.0"
  resolved "https://registry.yarnpkg.com/@babel/helper-split-export-declaration/-/helper-split-export-declaration-7.11.0.tgz#f8a491244acf6a676158ac42072911ba83ad099f"
  integrity sha512-74Vejvp6mHkGE+m+k5vHY93FX2cAtrw1zXrZXRlG4l410Nm9PxfEiVTn1PjDPV5SnmieiueY4AFg2xqhNFuuZg==
  dependencies:
    "@babel/types" "^7.11.0"

"@babel/helper-validator-identifier@^7.10.4":
  version "7.10.4"
  resolved "https://registry.yarnpkg.com/@babel/helper-validator-identifier/-/helper-validator-identifier-7.10.4.tgz#a78c7a7251e01f616512d31b10adcf52ada5e0d2"
  integrity sha512-3U9y+43hz7ZM+rzG24Qe2mufW5KhvFg/NhnNph+i9mgCtdTCtMJuI1TMkrIUiK7Ix4PYlRF9I5dhqaLYA/ADXw==

"@babel/helpers@^7.12.1":
  version "7.12.1"
  resolved "https://registry.yarnpkg.com/@babel/helpers/-/helpers-7.12.1.tgz#8a8261c1d438ec18cb890434df4ec768734c1e79"
  integrity sha512-9JoDSBGoWtmbay98efmT2+mySkwjzeFeAL9BuWNoVQpkPFQF8SIIFUfY5os9u8wVzglzoiPRSW7cuJmBDUt43g==
  dependencies:
    "@babel/template" "^7.10.4"
    "@babel/traverse" "^7.12.1"
    "@babel/types" "^7.12.1"

"@babel/highlight@^7.10.4":
  version "7.10.4"
  resolved "https://registry.yarnpkg.com/@babel/highlight/-/highlight-7.10.4.tgz#7d1bdfd65753538fabe6c38596cdb76d9ac60143"
  integrity sha512-i6rgnR/YgPEQzZZnbTHHuZdlE8qyoBNalD6F+q4vAFlcMEcqmkoG+mPqJYJCo63qPf74+Y1UZsl3l6f7/RIkmA==
  dependencies:
    "@babel/helper-validator-identifier" "^7.10.4"
    chalk "^2.0.0"
    js-tokens "^4.0.0"

"@babel/parser@^7.10.4", "@babel/parser@^7.12.1", "@babel/parser@^7.12.3":
  version "7.12.3"
  resolved "https://registry.yarnpkg.com/@babel/parser/-/parser-7.12.3.tgz#a305415ebe7a6c7023b40b5122a0662d928334cd"
  integrity sha512-kFsOS0IbsuhO5ojF8Hc8z/8vEIOkylVBrjiZUbLTE3XFe0Qi+uu6HjzQixkFaqr0ZPAMZcBVxEwmsnsLPZ2Xsw==

"@babel/plugin-proposal-class-properties@^7.12.1":
  version "7.12.1"
  resolved "https://registry.yarnpkg.com/@babel/plugin-proposal-class-properties/-/plugin-proposal-class-properties-7.12.1.tgz#a082ff541f2a29a4821065b8add9346c0c16e5de"
  integrity sha512-cKp3dlQsFsEs5CWKnN7BnSHOd0EOW8EKpEjkoz1pO2E5KzIDNV9Ros1b0CnmbVgAGXJubOYVBOGCT1OmJwOI7w==
  dependencies:
    "@babel/helper-create-class-features-plugin" "^7.12.1"
    "@babel/helper-plugin-utils" "^7.10.4"

"@babel/plugin-syntax-jsx@^7.12.1":
  version "7.12.1"
  resolved "https://registry.yarnpkg.com/@babel/plugin-syntax-jsx/-/plugin-syntax-jsx-7.12.1.tgz#9d9d357cc818aa7ae7935917c1257f67677a0926"
  integrity sha512-1yRi7yAtB0ETgxdY9ti/p2TivUxJkTdhu/ZbF9MshVGqOx1TdB3b7xCXs49Fupgg50N45KcAsRP/ZqWjs9SRjg==
  dependencies:
    "@babel/helper-plugin-utils" "^7.10.4"

"@babel/plugin-syntax-typescript@^7.12.1":
  version "7.12.1"
  resolved "https://registry.yarnpkg.com/@babel/plugin-syntax-typescript/-/plugin-syntax-typescript-7.12.1.tgz#460ba9d77077653803c3dd2e673f76d66b4029e5"
  integrity sha512-UZNEcCY+4Dp9yYRCAHrHDU+9ZXLYaY9MgBXSRLkB9WjYFRR6quJBumfVrEkUxrePPBwFcpWfNKXqVRQQtm7mMA==
  dependencies:
    "@babel/helper-plugin-utils" "^7.10.4"

"@babel/plugin-transform-typescript@^7.12.1":
  version "7.12.1"
  resolved "https://registry.yarnpkg.com/@babel/plugin-transform-typescript/-/plugin-transform-typescript-7.12.1.tgz#d92cc0af504d510e26a754a7dbc2e5c8cd9c7ab4"
  integrity sha512-VrsBByqAIntM+EYMqSm59SiMEf7qkmI9dqMt6RbD/wlwueWmYcI0FFK5Fj47pP6DRZm+3teXjosKlwcZJ5lIMw==
  dependencies:
    "@babel/helper-create-class-features-plugin" "^7.12.1"
    "@babel/helper-plugin-utils" "^7.10.4"
    "@babel/plugin-syntax-typescript" "^7.12.1"

"@babel/template@^7.10.4":
  version "7.10.4"
  resolved "https://registry.yarnpkg.com/@babel/template/-/template-7.10.4.tgz#3251996c4200ebc71d1a8fc405fba940f36ba278"
  integrity sha512-ZCjD27cGJFUB6nmCB1Enki3r+L5kJveX9pq1SvAUKoICy6CZ9yD8xO086YXdYhvNjBdnekm4ZnaP5yC8Cs/1tA==
  dependencies:
    "@babel/code-frame" "^7.10.4"
    "@babel/parser" "^7.10.4"
    "@babel/types" "^7.10.4"

"@babel/traverse@^7.12.1":
  version "7.12.1"
  resolved "https://registry.yarnpkg.com/@babel/traverse/-/traverse-7.12.1.tgz#941395e0c5cc86d5d3e75caa095d3924526f0c1e"
  integrity sha512-MA3WPoRt1ZHo2ZmoGKNqi20YnPt0B1S0GTZEPhhd+hw2KGUzBlHuVunj6K4sNuK+reEvyiPwtp0cpaqLzJDmAw==
  dependencies:
    "@babel/code-frame" "^7.10.4"
    "@babel/generator" "^7.12.1"
    "@babel/helper-function-name" "^7.10.4"
    "@babel/helper-split-export-declaration" "^7.11.0"
    "@babel/parser" "^7.12.1"
    "@babel/types" "^7.12.1"
    debug "^4.1.0"
    globals "^11.1.0"
    lodash "^4.17.19"

"@babel/types@^7.10.4", "@babel/types@^7.11.0", "@babel/types@^7.12.1", "@babel/types@^7.7.4":
  version "7.12.1"
  resolved "https://registry.yarnpkg.com/@babel/types/-/types-7.12.1.tgz#e109d9ab99a8de735be287ee3d6a9947a190c4ae"
  integrity sha512-BzSY3NJBKM4kyatSOWh3D/JJ2O3CVzBybHWxtgxnggaxEuaSTTDqeiSb/xk9lrkw2Tbqyivw5ZU4rT+EfznQsA==
  dependencies:
    "@babel/helper-validator-identifier" "^7.10.4"
    lodash "^4.17.19"
    to-fast-properties "^2.0.0"

"@types/node@*":
  version "14.14.0"
  resolved "https://registry.yarnpkg.com/@types/node/-/node-14.14.0.tgz#f1091b6ad5de18e8e91bdbd43ec63f13de372538"
  integrity sha512-BfbIHP9IapdupGhq/hc+jT5dyiBVZ2DdeC5WwJWQWDb0GijQlzUFAeIQn/2GtvZcd2HVUU7An8felIICFTC2qg==

ansi-styles@^3.2.1:
  version "3.2.1"
  resolved "https://registry.yarnpkg.com/ansi-styles/-/ansi-styles-3.2.1.tgz#41fbb20243e50b12be0f04b8dedbf07520ce841d"
  integrity sha512-VT0ZI6kZRdTh8YyJw3SMbYm/u+NqfsAxEpWO0Pf9sq8/e94WxxOpPKx9FR1FlyCtOVDNOQ+8ntlqFxiRc+r5qA==
  dependencies:
    color-convert "^1.9.0"

async@^3.2.0:
  version "3.2.0"
  resolved "https://registry.yarnpkg.com/async/-/async-3.2.0.tgz#b3a2685c5ebb641d3de02d161002c60fc9f85720"
  integrity sha512-TR2mEZFVOj2pLStYxLht7TyfuRzaydfpxr3k9RpHIzMgw7A64dzsdqCxH1WJyQdoe8T10nDXd9wnEigmiuHIZw==

asynckit@^0.4.0:
  version "0.4.0"
  resolved "https://registry.yarnpkg.com/asynckit/-/asynckit-0.4.0.tgz#c79ed97f7f34cb8f2ba1bc9790bcc366474b4b79"
  integrity sha1-x57Zf380y48robyXkLzDZkdLS3k=

at-least-node@^1.0.0:
  version "1.0.0"
  resolved "https://registry.yarnpkg.com/at-least-node/-/at-least-node-1.0.0.tgz#602cd4b46e844ad4effc92a8011a3c46e0238dc2"
  integrity sha512-+q/t7Ekv1EDY2l6Gda6LLiX14rU9TV20Wa3ofeQmwPFZbOMo9DXrLbOjFaaclkXKWidIaopwAObQDqwWtGUjqg==

axios@^0.19.2:
  version "0.19.2"
  resolved "https://registry.yarnpkg.com/axios/-/axios-0.19.2.tgz#3ea36c5d8818d0d5f8a8a97a6d36b86cdc00cb27"
  integrity sha512-fjgm5MvRHLhx+osE2xoekY70AhARk3a6hkN+3Io1jc00jtquGvxYlKlsFUhmUET0V5te6CcZI7lcv2Ym61mjHA==
  dependencies:
    follow-redirects "1.5.10"

babel-plugin-object-to-json-parse@^0.2.1:
  version "0.2.1"
  resolved "https://registry.yarnpkg.com/babel-plugin-object-to-json-parse/-/babel-plugin-object-to-json-parse-0.2.1.tgz#c03aaa2808e83d05dd2488cf957660d2c261ad51"
  integrity sha512-dxDar/rzwC18D7MWUdiTIZ6HQ0v5anvqa0FxLw+X+QxsKvgUBNPm3Hq1R1gr5WZOU6P1PYPnRhm9cXDNqwjbUA==
  dependencies:
    "@babel/core" "^7.7.7"
    "@babel/types" "^7.7.4"

boolbase@~1.0.0:
  version "1.0.0"
  resolved "https://registry.yarnpkg.com/boolbase/-/boolbase-1.0.0.tgz#68dff5fbe60c51eb37725ea9e3ed310dcc1e776e"
  integrity sha1-aN/1++YMUes3cl6p4+0xDcwed24=

chalk@^2.0.0:
  version "2.4.2"
  resolved "https://registry.yarnpkg.com/chalk/-/chalk-2.4.2.tgz#cd42541677a54333cf541a49108c1432b44c9424"
  integrity sha512-Mti+f9lpJNcwF4tWV8/OrTTtF1gZi+f8FqlyAdouralcFWFQWF2+NgCHShjkCb+IFBLq9buZwE1xckQU4peSuQ==
  dependencies:
    ansi-styles "^3.2.1"
    escape-string-regexp "^1.0.5"
    supports-color "^5.3.0"

cheerio@^1.0.0-rc.3:
  version "1.0.0-rc.3"
  resolved "https://registry.yarnpkg.com/cheerio/-/cheerio-1.0.0-rc.3.tgz#094636d425b2e9c0f4eb91a46c05630c9a1a8bf6"
  integrity sha512-0td5ijfUPuubwLUu0OBoe98gZj8C/AA+RW3v67GPlGOrvxWjZmBXiBCRU+I8VEiNyJzjth40POfHiz2RB3gImA==
  dependencies:
    css-select "~1.2.0"
    dom-serializer "~0.1.1"
    entities "~1.1.1"
    htmlparser2 "^3.9.1"
    lodash "^4.15.0"
    parse5 "^3.0.1"

color-convert@^1.9.0:
  version "1.9.3"
  resolved "https://registry.yarnpkg.com/color-convert/-/color-convert-1.9.3.tgz#bb71850690e1f136567de629d2d5471deda4c1e8"
  integrity sha512-QfAUtd+vFdAtFQcC8CCyYt1fYWxSqAiK2cSD6zDB8N3cpsEBAvRxp9zOGg6G/SHHJYAT88/az/IuDGALsNVbGg==
  dependencies:
    color-name "1.1.3"

color-name@1.1.3:
  version "1.1.3"
  resolved "https://registry.yarnpkg.com/color-name/-/color-name-1.1.3.tgz#a7d0558bd89c42f795dd42328f740831ca53bc25"
  integrity sha1-p9BVi9icQveV3UIyj3QIMcpTvCU=

combined-stream@^1.0.8:
  version "1.0.8"
  resolved "https://registry.yarnpkg.com/combined-stream/-/combined-stream-1.0.8.tgz#c3d45a8b34fd730631a110a8a2520682b31d5a7f"
  integrity sha512-FQN4MRfuJeHf7cBbBMJFXhKSDq+2kAArBlmRBvcvFE5BB1HZKXtSFASDhdlz9zOYwxh8lDdnvmMOe/+5cdoEdg==
  dependencies:
    delayed-stream "~1.0.0"

convert-source-map@^1.7.0:
  version "1.7.0"
  resolved "https://registry.yarnpkg.com/convert-source-map/-/convert-source-map-1.7.0.tgz#17a2cb882d7f77d3490585e2ce6c524424a3a442"
  integrity sha512-4FJkXzKXEDB1snCFZlLP4gpC3JILicCpGbzG9f9G7tGqGCzETQ2hWPrcinA9oU4wtf2biUaEH5065UnMeR33oA==
  dependencies:
    safe-buffer "~5.1.1"

css-select@~1.2.0:
  version "1.2.0"
  resolved "https://registry.yarnpkg.com/css-select/-/css-select-1.2.0.tgz#2b3a110539c5355f1cd8d314623e870b121ec858"
  integrity sha1-KzoRBTnFNV8c2NMUYj6HCxIeyFg=
  dependencies:
    boolbase "~1.0.0"
    css-what "2.1"
    domutils "1.5.1"
    nth-check "~1.0.1"

css-tree@^1.0.0-alpha.39:
  version "1.0.0-alpha.39"
  resolved "https://registry.yarnpkg.com/css-tree/-/css-tree-1.0.0-alpha.39.tgz#2bff3ffe1bb3f776cf7eefd91ee5cba77a149eeb"
  integrity sha512-7UvkEYgBAHRG9Nt980lYxjsTrCyHFN53ky3wVsDkiMdVqylqRt+Zc+jm5qw7/qyOvN2dHSYtX0e4MbCCExSvnA==
  dependencies:
    mdn-data "2.0.6"
    source-map "^0.6.1"

css-what@2.1:
  version "2.1.3"
  resolved "https://registry.yarnpkg.com/css-what/-/css-what-2.1.3.tgz#a6d7604573365fe74686c3f311c56513d88285f2"
  integrity sha512-a+EPoD+uZiNfh+5fxw2nO9QwFa6nJe2Or35fGY6Ipw1R3R4AGz1d1TEZrCegvw2YTmZ0jXirGYlzxxpYSHwpEg==

debug@=3.1.0:
  version "3.1.0"
  resolved "https://registry.yarnpkg.com/debug/-/debug-3.1.0.tgz#5bb5a0672628b64149566ba16819e61518c67261"
  integrity sha512-OX8XqP7/1a9cqkxYw2yXss15f26NKWBpDXQd0/uK/KPqdQhxbPa994hnzjcE2VqQpDslf55723cKPUOGSmMY3g==
  dependencies:
    ms "2.0.0"

debug@^4.1.0:
  version "4.2.0"
  resolved "https://registry.yarnpkg.com/debug/-/debug-4.2.0.tgz#7f150f93920e94c58f5574c2fd01a3110effe7f1"
  integrity sha512-IX2ncY78vDTjZMFUdmsvIRFY2Cf4FnD0wRs+nQwJU8Lu99/tPFdb0VybiiMTPe3I6rQmwsqQqRBvxU+bZ/I8sg==
  dependencies:
    ms "2.1.2"

delayed-stream@~1.0.0:
  version "1.0.0"
  resolved "https://registry.yarnpkg.com/delayed-stream/-/delayed-stream-1.0.0.tgz#df3ae199acadfb7d440aaae0b29e2272b24ec619"
  integrity sha1-3zrhmayt+31ECqrgsp4icrJOxhk=

discord-webhook-node@^1.1.8:
  version "1.1.8"
  resolved "https://registry.yarnpkg.com/discord-webhook-node/-/discord-webhook-node-1.1.8.tgz#3993273b3e5ad276a35022c51d5f64131651a214"
  integrity sha512-3u0rrwywwYGc6HrgYirN/9gkBYqmdpvReyQjapoXARAHi0P0fIyf3W5tS5i3U3cc7e44E+e7dIHYUeec7yWaug==
  dependencies:
    form-data "^3.0.0"
    node-fetch "^2.6.0"

dom-serializer@0:
  version "0.2.2"
  resolved "https://registry.yarnpkg.com/dom-serializer/-/dom-serializer-0.2.2.tgz#1afb81f533717175d478655debc5e332d9f9bb51"
  integrity sha512-2/xPb3ORsQ42nHYiSunXkDjPLBaEj/xTwUO4B7XCZQTRk7EBtTOPaygh10YAAh2OI1Qrp6NWfpAhzswj0ydt9g==
  dependencies:
    domelementtype "^2.0.1"
    entities "^2.0.0"

dom-serializer@~0.1.1:
  version "0.1.1"
  resolved "https://registry.yarnpkg.com/dom-serializer/-/dom-serializer-0.1.1.tgz#1ec4059e284babed36eec2941d4a970a189ce7c0"
  integrity sha512-l0IU0pPzLWSHBcieZbpOKgkIn3ts3vAh7ZuFyXNwJxJXk/c4Gwj9xaTJwIDVQCXawWD0qb3IzMGH5rglQaO0XA==
  dependencies:
    domelementtype "^1.3.0"
    entities "^1.1.1"

domelementtype@1, domelementtype@^1.3.0, domelementtype@^1.3.1:
  version "1.3.1"
  resolved "https://registry.yarnpkg.com/domelementtype/-/domelementtype-1.3.1.tgz#d048c44b37b0d10a7f2a3d5fee3f4333d790481f"
  integrity sha512-BSKB+TSpMpFI/HOxCNr1O8aMOTZ8hT3pM3GQ0w/mWRmkhEDSFJkkyzz4XQsBV44BChwGkrDfMyjVD0eA2aFV3w==

domelementtype@^2.0.1:
  version "2.0.2"
  resolved "https://registry.yarnpkg.com/domelementtype/-/domelementtype-2.0.2.tgz#f3b6e549201e46f588b59463dd77187131fe6971"
  integrity sha512-wFwTwCVebUrMgGeAwRL/NhZtHAUyT9n9yg4IMDwf10+6iCMxSkVq9MGCVEH+QZWo1nNidy8kNvwmv4zWHDTqvA==

domhandler@^2.3.0:
  version "2.4.2"
  resolved "https://registry.yarnpkg.com/domhandler/-/domhandler-2.4.2.tgz#8805097e933d65e85546f726d60f5eb88b44f803"
  integrity sha512-JiK04h0Ht5u/80fdLMCEmV4zkNh2BcoMFBmZ/91WtYZ8qVXSKjiw7fXMgFPnHcSZgOo3XdinHvmnDUeMf5R4wA==
  dependencies:
    domelementtype "1"

domutils@1.5.1:
  version "1.5.1"
  resolved "https://registry.yarnpkg.com/domutils/-/domutils-1.5.1.tgz#dcd8488a26f563d61079e48c9f7b7e32373682cf"
  integrity sha1-3NhIiib1Y9YQeeSMn3t+Mjc2gs8=
  dependencies:
    dom-serializer "0"
    domelementtype "1"

domutils@^1.5.1:
  version "1.7.0"
  resolved "https://registry.yarnpkg.com/domutils/-/domutils-1.7.0.tgz#56ea341e834e06e6748af7a1cb25da67ea9f8c2a"
  integrity sha512-Lgd2XcJ/NjEw+7tFvfKxOzCYKZsdct5lczQ2ZaQY8Djz7pfAD3Gbp8ySJWtreII/vDlMVmxwa6pHmdxIYgttDg==
  dependencies:
    dom-serializer "0"
    domelementtype "1"

entities@^1.1.1, entities@~1.1.1:
  version "1.1.2"
  resolved "https://registry.yarnpkg.com/entities/-/entities-1.1.2.tgz#bdfa735299664dfafd34529ed4f8522a275fea56"
  integrity sha512-f2LZMYl1Fzu7YSBKg+RoROelpOaNrcGmE9AZubeDfrCEia483oW4MI4VyFd5VNHIgQ/7qm1I0wUHK1eJnn2y2w==

entities@^2.0.0:
  version "2.1.0"
  resolved "https://registry.yarnpkg.com/entities/-/entities-2.1.0.tgz#992d3129cf7df6870b96c57858c249a120f8b8b5"
  integrity sha512-hCx1oky9PFrJ611mf0ifBLBRW8lUUVRlFolb5gWRfIELabBlbp9xZvrqZLZAs+NxFnbfQoeGd8wDkygjg7U85w==

escape-string-regexp@^1.0.5:
  version "1.0.5"
  resolved "https://registry.yarnpkg.com/escape-string-regexp/-/escape-string-regexp-1.0.5.tgz#1b61c0562190a8dff6ae3bb2cf0200ca130b86d4"
  integrity sha1-G2HAViGQqN/2rjuyzwIAyhMLhtQ=

follow-redirects@1.5.10:
  version "1.5.10"
  resolved "https://registry.yarnpkg.com/follow-redirects/-/follow-redirects-1.5.10.tgz#7b7a9f9aea2fdff36786a94ff643ed07f4ff5e2a"
  integrity sha512-0V5l4Cizzvqt5D44aTXbFZz+FtyXV1vrDN6qrelxtfYQKW0KO0W2T/hkE8xvGa/540LkZlkaUjO4ailYTFtHVQ==
  dependencies:
    debug "=3.1.0"

form-data@^3.0.0:
  version "3.0.0"
  resolved "https://registry.yarnpkg.com/form-data/-/form-data-3.0.0.tgz#31b7e39c85f1355b7139ee0c647cf0de7f83c682"
  integrity sha512-CKMFDglpbMi6PyN+brwB9Q/GOw0eAnsrEZDgcsH5Krhz5Od/haKHAX0NmQfha2zPPz0JpWzA7GJHGSnvCRLWsg==
  dependencies:
    asynckit "^0.4.0"
    combined-stream "^1.0.8"
    mime-types "^2.1.12"

fs-extra@^9.0.1:
  version "9.0.1"
  resolved "https://registry.yarnpkg.com/fs-extra/-/fs-extra-9.0.1.tgz#910da0062437ba4c39fedd863f1675ccfefcb9fc"
  integrity sha512-h2iAoN838FqAFJY2/qVpzFXy+EBxfVE220PalAqQLDVsFOHLJrZvut5puAbCdNv6WJk+B8ihI+k0c7JK5erwqQ==
  dependencies:
    at-least-node "^1.0.0"
    graceful-fs "^4.2.0"
    jsonfile "^6.0.1"
    universalify "^1.0.0"

function-bind@^1.1.1:
  version "1.1.1"
  resolved "https://registry.yarnpkg.com/function-bind/-/function-bind-1.1.1.tgz#a56899d3ea3c9bab874bb9773b7c5ede92f4895d"
  integrity sha512-yIovAzMX49sF8Yl58fSCWJ5svSLuaibPxXQJFLmBObTuCr0Mf1KiPopGM9NiFjiYBCbfaa2Fh6breQ6ANVTI0A==

gensync@^1.0.0-beta.1:
  version "1.0.0-beta.1"
  resolved "https://registry.yarnpkg.com/gensync/-/gensync-1.0.0-beta.1.tgz#58f4361ff987e5ff6e1e7a210827aa371eaac269"
  integrity sha512-r8EC6NO1sngH/zdD9fiRDLdcgnbayXah+mLgManTaIZJqEC1MZstmnox8KpnI2/fxQwrp5OpCOYWLp4rBl4Jcg==

globals@^11.1.0:
  version "11.12.0"
  resolved "https://registry.yarnpkg.com/globals/-/globals-11.12.0.tgz#ab8795338868a0babd8525758018c2a7eb95c42e"
  integrity sha512-WOBp/EEGUiIsJSp7wcv/y6MO+lV9UoncWqxuFfm8eBwzWNgyfBd6Gz+IeKQ9jCmyhoH99g15M3T+QaVHFjizVA==

graceful-fs@^4.1.6, graceful-fs@^4.1.9, graceful-fs@^4.2.0:
  version "4.2.4"
  resolved "https://registry.yarnpkg.com/graceful-fs/-/graceful-fs-4.2.4.tgz#2256bde14d3632958c465ebc96dc467ca07a29fb"
  integrity sha512-WjKPNJF79dtJAVniUlGGWHYGz2jWxT6VhN/4m1NdkbZ2nOsEF+cI1Edgql5zCRhs/VsQYRvrXctxktVXZUkixw==

has-flag@^3.0.0:
  version "3.0.0"
  resolved "https://registry.yarnpkg.com/has-flag/-/has-flag-3.0.0.tgz#b5d454dc2199ae225699f3467e5a07f3b955bafd"
  integrity sha1-tdRU3CGZriJWmfNGfloH87lVuv0=

has@^1.0.3:
  version "1.0.3"
  resolved "https://registry.yarnpkg.com/has/-/has-1.0.3.tgz#722d7cbfc1f6aa8241f16dd814e011e1f41e8796"
  integrity sha512-f2dvO0VU6Oej7RkWJGrehjbzMAjFp5/VKPp5tTpWIV4JHHZK1/BxbFRtf/siA2SWTe09caDmVtYYzWEIbBS4zw==
  dependencies:
    function-bind "^1.1.1"

htmlparser2@^3.9.1:
  version "3.10.1"
  resolved "https://registry.yarnpkg.com/htmlparser2/-/htmlparser2-3.10.1.tgz#bd679dc3f59897b6a34bb10749c855bb53a9392f"
  integrity sha512-IgieNijUMbkDovyoKObU1DUhm1iwNYE/fuifEoEHfd1oZKZDaONBSkal7Y01shxsM49R4XaMdGez3WnF9UfiCQ==
  dependencies:
    domelementtype "^1.3.1"
    domhandler "^2.3.0"
    domutils "^1.5.1"
    entities "^1.1.1"
    inherits "^2.0.1"
    readable-stream "^3.1.1"

inherits@^2.0.1, inherits@^2.0.3:
  version "2.0.4"
  resolved "https://registry.yarnpkg.com/inherits/-/inherits-2.0.4.tgz#0fa2c64f932917c3433a0ded55363aae37416b7c"
  integrity sha512-k/vGaX4/Yla3WzyMCvTQOXYeIHvqOKtnqBduzTHpzpQZzAskKMhZ2K+EnBiSM9zGSoIFeMpXKxa4dYeZIQqewQ==

is-core-module@^2.0.0:
  version "2.0.0"
  resolved "https://registry.yarnpkg.com/is-core-module/-/is-core-module-2.0.0.tgz#58531b70aed1db7c0e8d4eb1a0a2d1ddd64bd12d"
  integrity sha512-jq1AH6C8MuteOoBPwkxHafmByhL9j5q4OaPGdbuD+ZtQJVzH+i6E3BJDQcBA09k57i2Hh2yQbEG8yObZ0jdlWw==
  dependencies:
    has "^1.0.3"

js-tokens@^4.0.0:
  version "4.0.0"
  resolved "https://registry.yarnpkg.com/js-tokens/-/js-tokens-4.0.0.tgz#19203fb59991df98e3a287050d4647cdeaf32499"
  integrity sha512-RdJUflcE3cUzKiMqQgsCu06FPu9UdIJO0beYbPhHN4k6apgJtifcoCtT9bcxOpYBtpD2kCM6Sbzg4CausW/PKQ==

jsesc@^2.5.1:
  version "2.5.2"
  resolved "https://registry.yarnpkg.com/jsesc/-/jsesc-2.5.2.tgz#80564d2e483dacf6e8ef209650a67df3f0c283a4"
  integrity sha512-OYu7XEzjkCQ3C5Ps3QIZsQfNpqoJyZZA99wd9aWd05NCtC5pWOkShK2mkL6HXQR6/Cy2lbNdPlZBpuQHXE63gA==

json5@^2.1.2:
  version "2.1.3"
  resolved "https://registry.yarnpkg.com/json5/-/json5-2.1.3.tgz#c9b0f7fa9233bfe5807fe66fcf3a5617ed597d43"
  integrity sha512-KXPvOm8K9IJKFM0bmdn8QXh7udDh1g/giieX0NLCaMnb4hEiVFqnop2ImTXCc5e0/oHz3LTqmHGtExn5hfMkOA==
  dependencies:
    minimist "^1.2.5"

jsonfile@^6.0.1:
  version "6.0.1"
  resolved "https://registry.yarnpkg.com/jsonfile/-/jsonfile-6.0.1.tgz#98966cba214378c8c84b82e085907b40bf614179"
  integrity sha512-jR2b5v7d2vIOust+w3wtFKZIfpC2pnRmFAhAC/BuweZFQR8qZzxH1OyrQ10HmdVYiXWkYUqPVsz91cG7EL2FBg==
  dependencies:
    universalify "^1.0.0"
  optionalDependencies:
    graceful-fs "^4.1.6"

klaw@^3.0.0:
  version "3.0.0"
  resolved "https://registry.yarnpkg.com/klaw/-/klaw-3.0.0.tgz#b11bec9cf2492f06756d6e809ab73a2910259146"
  integrity sha512-0Fo5oir+O9jnXu5EefYbVK+mHMBeEVEy2cmctR1O1NECcCkPRreJKrS6Qt/j3KC2C148Dfo9i3pCmCMsdqGr0g==
  dependencies:
    graceful-fs "^4.1.9"

lodash@^4.15.0, lodash@^4.17.15, lodash@^4.17.19:
  version "4.17.20"
  resolved "https://registry.yarnpkg.com/lodash/-/lodash-4.17.20.tgz#b44a9b6297bcb698f1c51a3545a2b3b368d59c52"
  integrity sha512-PlhdFcillOINfeV7Ni6oF1TAEayyZBoZ8bcshTHqOYJYlrqzRK5hagpagky5o4HfCzzd1TRkXPMFq6cKk9rGmA==

mdn-data@2.0.6:
  version "2.0.6"
  resolved "https://registry.yarnpkg.com/mdn-data/-/mdn-data-2.0.6.tgz#852dc60fcaa5daa2e8cf6c9189c440ed3e042978"
  integrity sha512-rQvjv71olwNHgiTbfPZFkJtjNMciWgswYeciZhtvWLO8bmX3TnhyA62I6sTWOyZssWHJJjY6/KiWwqQsWWsqOA==

mime-db@1.44.0:
  version "1.44.0"
  resolved "https://registry.yarnpkg.com/mime-db/-/mime-db-1.44.0.tgz#fa11c5eb0aca1334b4233cb4d52f10c5a6272f92"
  integrity sha512-/NOTfLrsPBVeH7YtFPgsVWveuL+4SjjYxaQ1xtM1KMFj7HdxlBlxeyNLzhyJVx7r4rZGJAZ/6lkKCitSc/Nmpg==

mime-types@^2.1.12:
  version "2.1.27"
  resolved "https://registry.yarnpkg.com/mime-types/-/mime-types-2.1.27.tgz#47949f98e279ea53119f5722e0f34e529bec009f"
  integrity sha512-JIhqnCasI9yD+SsmkquHBxTSEuZdQX5BuQnS2Vc7puQQQ+8yiP5AY5uWhpdv4YL4VM5c6iliiYWPgJ/nJQLp7w==
  dependencies:
    mime-db "1.44.0"

minimist@^1.2.5:
  version "1.2.5"
  resolved "https://registry.yarnpkg.com/minimist/-/minimist-1.2.5.tgz#67d66014b66a6a8aaa0c083c5fd58df4e4e97602"
  integrity sha512-FM9nNUYrRBAELZQT3xeZQ7fmMOBg6nWNmJKTcgsJeaLstP/UODVpGsr5OhXhhXg6f+qtJ8uiZ+PUxkDWcgIXLw==

mkdirp@^1.0.4:
  version "1.0.4"
  resolved "https://registry.yarnpkg.com/mkdirp/-/mkdirp-1.0.4.tgz#3eb5ed62622756d79a5f0e2a221dfebad75c2f7e"
  integrity sha512-vVqVZQyf3WLx2Shd0qJ9xuvqgAyKPLAiqITEtqW0oIUjzo3PePDd6fW9iFz30ef7Ysp/oiWqbhszeGWW2T6Gzw==

ms@2.0.0:
  version "2.0.0"
  resolved "https://registry.yarnpkg.com/ms/-/ms-2.0.0.tgz#5608aeadfc00be6c2901df5f9861788de0d597c8"
  integrity sha1-VgiurfwAvmwpAd9fmGF4jeDVl8g=

ms@2.1.2:
  version "2.1.2"
  resolved "https://registry.yarnpkg.com/ms/-/ms-2.1.2.tgz#d09d1f357b443f493382a8eb3ccd183872ae6009"
  integrity sha512-sGkPx+VjMtmA6MX27oA4FBFELFCZZ4S4XqeGOXCv68tT+jb3vk/RyaKWP0PTKyWtmLSM0b+adUTEvbs1PEaH2w==

node-fetch@^2.6.0:
  version "2.6.1"
  resolved "https://registry.yarnpkg.com/node-fetch/-/node-fetch-2.6.1.tgz#045bd323631f76ed2e2b55573394416b639a0052"
  integrity sha512-V4aYg89jEoVRxRb2fJdAg8FHvI7cEyYdVAh94HH0UIK8oJxUfkjlDQN9RbMx+bEjP7+ggMiFRprSti032Oipxw==

nth-check@~1.0.1:
  version "1.0.2"
  resolved "https://registry.yarnpkg.com/nth-check/-/nth-check-1.0.2.tgz#b2bd295c37e3dd58a3bf0700376663ba4d9cf05c"
  integrity sha512-WeBOdju8SnzPN5vTUJYxYUxLeXpCaVP5i5e0LF8fg7WORF2Wd7wFX/pk0tYZk7s8T+J7VLy0Da6J1+wCT0AtHg==
  dependencies:
    boolbase "~1.0.0"

parse5@^3.0.1:
  version "3.0.3"
  resolved "https://registry.yarnpkg.com/parse5/-/parse5-3.0.3.tgz#042f792ffdd36851551cf4e9e066b3874ab45b5c"
  integrity sha512-rgO9Zg5LLLkfJF9E6CCmXlSE4UVceloys8JrFqCcHloC3usd/kJCyPDwH2SOlzix2j3xaP9sUX3e8+kvkuleAA==
  dependencies:
    "@types/node" "*"

path-parse@^1.0.6:
  version "1.0.6"
  resolved "https://registry.yarnpkg.com/path-parse/-/path-parse-1.0.6.tgz#d62dbb5679405d72c4737ec58600e9ddcf06d24c"
  integrity sha512-GSmOT2EbHrINBf9SR7CDELwlJ8AENk3Qn7OikK4nFYAu3Ote2+JYNVvkpAEQm3/TLNEJFD/xZJjzyxg3KBWOzw==

prettier@^2.0.5:
  version "2.1.2"
  resolved "https://registry.yarnpkg.com/prettier/-/prettier-2.1.2.tgz#3050700dae2e4c8b67c4c3f666cdb8af405e1ce5"
  integrity sha512-16c7K+x4qVlJg9rEbXl7HEGmQyZlG4R9AgP+oHKRMsMsuk8s+ATStlf1NpDqyBI1HpVyfjLOeMhH2LvuNvV5Vg==

readable-stream@^3.1.1:
  version "3.6.0"
  resolved "https://registry.yarnpkg.com/readable-stream/-/readable-stream-3.6.0.tgz#337bbda3adc0706bd3e024426a286d4b4b2c9198"
  integrity sha512-BViHy7LKeTz4oNnkcLJ+lVSL6vpiFeX6/d3oSH8zCW7UxP2onchk+vTGB143xuFjHS3deTgkKoXXymXqymiIdA==
  dependencies:
    inherits "^2.0.3"
    string_decoder "^1.1.1"
    util-deprecate "^1.0.1"

resolve@^1.3.2:
  version "1.18.1"
  resolved "https://registry.yarnpkg.com/resolve/-/resolve-1.18.1.tgz#018fcb2c5b207d2a6424aee361c5a266da8f4130"
  integrity sha512-lDfCPaMKfOJXjy0dPayzPdF1phampNWr3qFCjAu+rw/qbQmr5jWH5xN2hwh9QKfw9E5v4hwV7A+jrCmL8yjjqA==
  dependencies:
    is-core-module "^2.0.0"
    path-parse "^1.0.6"

safe-buffer@~5.1.1:
  version "5.1.2"
  resolved "https://registry.yarnpkg.com/safe-buffer/-/safe-buffer-5.1.2.tgz#991ec69d296e0313747d59bdfd2b745c35f8828d"
  integrity sha512-Gd2UZBJDkXlY7GbJxfsE8/nvKkUEU1G38c1siN6QP6a9PT9MmHB8GnpscSmMJSoF8LOIrt8ud/wPtojys4G6+g==

safe-buffer@~5.2.0:
  version "5.2.1"
  resolved "https://registry.yarnpkg.com/safe-buffer/-/safe-buffer-5.2.1.tgz#1eaf9fa9bdb1fdd4ec75f58f9cdb4e6b7827eec6"
  integrity sha512-rp3So07KcdmmKbGvgaNxQSJr7bGVSVk5S9Eq1F+ppbRo70+YeaDxkw5Dd8NPN+GD6bjnYm2VuPuCXmpuYvmCXQ==

semver@^5.4.1:
  version "5.7.1"
  resolved "https://registry.yarnpkg.com/semver/-/semver-5.7.1.tgz#a954f931aeba508d307bbf069eff0c01c96116f7"
  integrity sha512-sauaDf/PZdVgrLTNYHRtpXa1iRiKcaebiKQ1BJdpQlWH2lCvexQdX55snPFyK7QzpudqbCI0qXFfOasHdyNDGQ==

slugify@^1.4.0:
  version "1.4.5"
  resolved "https://registry.yarnpkg.com/slugify/-/slugify-1.4.5.tgz#a7517acf5f4c02a4df41e735354b660a4ed1efcf"
  integrity sha512-WpECLAgYaxHoEAJ8Q1Lo8HOs1ngn7LN7QjXgOLbmmfkcWvosyk4ZTXkTzKyhngK640USTZUlgoQJfED1kz5fnQ==

source-map@^0.5.0:
  version "0.5.7"
  resolved "https://registry.yarnpkg.com/source-map/-/source-map-0.5.7.tgz#8a039d2d1021d22d1ea14c80d8ea468ba2ef3fcc"
  integrity sha1-igOdLRAh0i0eoUyA2OpGi6LvP8w=

source-map@^0.6.1:
  version "0.6.1"
  resolved "https://registry.yarnpkg.com/source-map/-/source-map-0.6.1.tgz#74722af32e9614e9c287a8d0bbde48b5e2f1a263"
  integrity sha512-UjgapumWlbMhkBgzT7Ykc5YXUT46F0iKu8SGXq0bcwP5dz/h0Plj6enJqjz1Zbq2l5WaqYnrVbwWOWMyF3F47g==

string_decoder@^1.1.1:
  version "1.3.0"
  resolved "https://registry.yarnpkg.com/string_decoder/-/string_decoder-1.3.0.tgz#42f114594a46cf1a8e30b0a84f56c78c3edac21e"
  integrity sha512-hkRX8U1WjJFd8LsDJ2yQ/wWWxaopEsABU1XfkM8A+j0+85JAGppt16cr1Whg6KIbb4okU6Mql6BOj+uup/wKeA==
  dependencies:
    safe-buffer "~5.2.0"

supports-color@^5.3.0:
  version "5.5.0"
  resolved "https://registry.yarnpkg.com/supports-color/-/supports-color-5.5.0.tgz#e2e69a44ac8772f78a1ec0b35b689df6530efc8f"
  integrity sha512-QjVjwdXIt408MIiAqCX4oUKsgU2EqAGzs2Ppkm4aQYbjm+ZEWEcW4SfFNTr4uMNZma0ey4f5lgLrkB0aX0QMow==
  dependencies:
    has-flag "^3.0.0"

to-fast-properties@^2.0.0:
  version "2.0.0"
  resolved "https://registry.yarnpkg.com/to-fast-properties/-/to-fast-properties-2.0.0.tgz#dc5e698cbd079265bc73e0377681a4e4e83f616e"
  integrity sha1-3F5pjL0HkmW8c+A3doGk5Og/YW4=

typescript@^3.9.3:
  version "3.9.7"
  resolved "https://registry.yarnpkg.com/typescript/-/typescript-3.9.7.tgz#98d600a5ebdc38f40cb277522f12dc800e9e25fa"
  integrity sha512-BLbiRkiBzAwsjut4x/dsibSTB6yWpwT5qWmC2OfuCg3GgVQCSgMs4vEctYPhsaGtd0AeuuHMkjZ2h2WG8MSzRw==

universalify@^1.0.0:
  version "1.0.0"
  resolved "https://registry.yarnpkg.com/universalify/-/universalify-1.0.0.tgz#b61a1da173e8435b2fe3c67d29b9adf8594bd16d"
  integrity sha512-rb6X1W158d7pRQBg5gkR8uPaSfiids68LTJQYOtEUhoJUWBdaQHsuT/EUduxXYxcrt4r5PJ4fuHW1MHT6p0qug==

util-deprecate@^1.0.1:
  version "1.0.2"
  resolved "https://registry.yarnpkg.com/util-deprecate/-/util-deprecate-1.0.2.tgz#450d4dc9fa70de732762fbd2d4a28981419a0ccf"
  integrity sha1-RQ1Nyfpw3nMnYvvS1KKJgUGaDM8=
